
Microsoft Visual Studio Solution File, Format Version 12.00
# Visual Studio Version 17
VisualStudioVersion = 17.8.34316.72
MinimumVisualStudioVersion = 10.0.40219.1
Project("{FAE04EC0-301F-11D3-BF4B-00C04F79EFBC}") = "Hodisalar", "Hodisalar\Hodisalar.csproj", "{9CA4F342-6B06-409E-BD0C-A163448A78DE}"
EndProject
Global
	GlobalSection(SolutionConfigurationPlatforms) = preSolution
		Debug|Any CPU = Debug|Any CPU
		Release|Any CPU = Release|Any CPU
	EndGlobalSection
	GlobalSection(ProjectConfigurationPlatforms) = postSolution
		{9CA4F342-6B06-409E-BD0C-A163448A78DE}.Debug|Any CPU.ActiveCfg = Debug|Any CPU
		{9CA4F342-6B06-409E-BD0C-A163448A78DE}.Debug|Any CPU.Build.0 = Debug|Any CPU
		{9CA4F342-6B06-409E-BD0C-A163448A78DE}.Release|Any CPU.ActiveCfg = Release|Any CPU
		{9CA4F342-6B06-409E-BD0C-A163448A78DE}.Release|Any CPU.Build.0 = Release|Any CPU
	EndGlobalSection
	GlobalSection(SolutionProperties) = preSolution
		HideSolutionNode = FALSE
	EndGlobalSection
	GlobalSection(ExtensibilityGlobals) = postSolution
		SolutionGuid = {4D8C6134-0E43-4AB1-9605-96D367CF0C6F}
	EndGlobalSection
EndGlobal
